// !$*UTF8*$!
{
	archiveVersion = 1;
	classes = {
	};
	objectVersion = 55;
	objects = {

/* Begin PBXBuildFile section */
		F51F7B2427E0A19300EC269D /* TDAHApp.swift in Sources */ = {isa = PBXBuildFile; fileRef = F51F7B2327E0A19300EC269D /* TDAHApp.swift */; };
		F51F7B2627E0A19300EC269D /* ContentView.swift in Sources */ = {isa = PBXBuildFile; fileRef = F51F7B2527E0A19300EC269D /* ContentView.swift */; };
		F51F7B2827E0A19500EC269D /* Assets.xcassets in Resources */ = {isa = PBXBuildFile; fileRef = F51F7B2727E0A19500EC269D /* Assets.xcassets */; };
		F51F7B2B27E0A19500EC269D /* Preview Assets.xcassets in Resources */ = {isa = PBXBuildFile; fileRef = F51F7B2A27E0A19500EC269D /* Preview Assets.xcassets */; };
		F51F7B3527E0A19500EC269D /* TDAHTests.swift in Sources */ = {isa = PBXBuildFile; fileRef = F51F7B3427E0A19500EC269D /* TDAHTests.swift */; };
		F51F7B3F27E0A19500EC269D /* TDAHUITests.swift in Sources */ = {isa = PBXBuildFile; fileRef = F51F7B3E27E0A19500EC269D /* TDAHUITests.swift */; };
		F51F7B4127E0A19500EC269D /* TDAHUITestsLaunchTests.swift in Sources */ = {isa = PBXBuildFile; fileRef = F51F7B4027E0A19500EC269D /* TDAHUITestsLaunchTests.swift */; };
		F51F7B5327E0BD6700EC269D /* User.swift in Sources */ = {isa = PBXBuildFile; fileRef = F51F7B5227E0BD6700EC269D /* User.swift */; };
		F51F7B5527E0C23600EC269D /* Tdah.swift in Sources */ = {isa = PBXBuildFile; fileRef = F51F7B5427E0C23600EC269D /* Tdah.swift */; };
/* End PBXBuildFile section */

/* Begin PBXContainerItemProxy section */
		F51F7B3127E0A19500EC269D /* PBXContainerItemProxy */ = {
			isa = PBXContainerItemProxy;
			containerPortal = F51F7B1827E0A19300EC269D /* Project object */;
			proxyType = 1;
			remoteGlobalIDString = F51F7B1F27E0A19300EC269D;
			remoteInfo = TDAH;
		};
		F51F7B3B27E0A19500EC269D /* PBXContainerItemProxy */ = {
			isa = PBXContainerItemProxy;
			containerPortal = F51F7B1827E0A19300EC269D /* Project object */;
			proxyType = 1;
			remoteGlobalIDString = F51F7B1F27E0A19300EC269D;
			remoteInfo = TDAH;
		};
/* End PBXContainerItemProxy section */

/* Begin PBXFileReference section */
		F51F7B2027E0A19300EC269D /* TDAH.app */ = {isa = PBXFileReference; explicitFileType = wrapper.application; includeInIndex = 0; path = TDAH.app; sourceTree = BUILT_PRODUCTS_DIR; };
		F51F7B2327E0A19300EC269D /* TDAHApp.swift */ = {isa = PBXFileReference; lastKnownFileType = sourcecode.swift; path = TDAHApp.swift; sourceTree = "<group>"; };
		F51F7B2527E0A19300EC269D /* ContentView.swift */ = {isa = PBXFileReference; lastKnownFileType = sourcecode.swift; path = ContentView.swift; sourceTree = "<group>"; };
		F51F7B2727E0A19500EC269D /* Assets.xcassets */ = {isa = PBXFileReference; lastKnownFileType = folder.assetcatalog; path = Assets.xcassets; sourceTree = "<group>"; };
		F51F7B2A27E0A19500EC269D /* Preview Assets.xcassets */ = {isa = PBXFileReference; lastKnownFileType = folder.assetcatalog; path = "Preview Assets.xcassets"; sourceTree = "<group>"; };
		F51F7B3027E0A19500EC269D /* TDAHTests.xctest */ = {isa = PBXFileReference; explicitFileType = wrapper.cfbundle; includeInIndex = 0; path = TDAHTests.xctest; sourceTree = BUILT_PRODUCTS_DIR; };
		F51F7B3427E0A19500EC269D /* TDAHTests.swift */ = {isa = PBXFileReference; lastKnownFileType = sourcecode.swift; path = TDAHTests.swift; sourceTree = "<group>"; };
		F51F7B3A27E0A19500EC269D /* TDAHUITests.xctest */ = {isa = PBXFileReference; explicitFileType = wrapper.cfbundle; includeInIndex = 0; path = TDAHUITests.xctest; sourceTree = BUILT_PRODUCTS_DIR; };
		F51F7B3E27E0A19500EC269D /* TDAHUITests.swift */ = {isa = PBXFileReference; lastKnownFileType = sourcecode.swift; path = TDAHUITests.swift; sourceTree = "<group>"; };
		F51F7B4027E0A19500EC269D /* TDAHUITestsLaunchTests.swift */ = {isa = PBXFileReference; lastKnownFileType = sourcecode.swift; path = TDAHUITestsLaunchTests.swift; sourceTree = "<group>"; };
		F51F7B5227E0BD6700EC269D /* User.swift */ = {isa = PBXFileReference; lastKnownFileType = sourcecode.swift; path = User.swift; sourceTree = "<group>"; };
		F51F7B5427E0C23600EC269D /* Tdah.swift */ = {isa = PBXFileReference; lastKnownFileType = sourcecode.swift; path = Tdah.swift; sourceTree = "<group>"; };
/* End PBXFileReference section */

/* Begin PBXFrameworksBuildPhase section */
		F51F7B1D27E0A19300EC269D /* Frameworks */ = {
			isa = PBXFrameworksBuildPhase;
			buildActionMask = 2147483647;
			files = (
			);
			runOnlyForDeploymentPostprocessing = 0;
		};
		F51F7B2D27E0A19500EC269D /* Frameworks */ = {
			isa = PBXFrameworksBuildPhase;
			buildActionMask = 2147483647;
			files = (
			);
			runOnlyForDeploymentPostprocessing = 0;
		};
		F51F7B3727E0A19500EC269D /* Frameworks */ = {
			isa = PBXFrameworksBuildPhase;
			buildActionMask = 2147483647;
			files = (
			);
			runOnlyForDeploymentPostprocessing = 0;
		};
/* End PBXFrameworksBuildPhase section */

/* Begin PBXGroup section */
		F51F7B1727E0A19300EC269D = {
			isa = PBXGroup;
			children = (
				F51F7B2227E0A19300EC269D /* TDAH */,
				F51F7B3327E0A19500EC269D /* TDAHTests */,
				F51F7B3D27E0A19500EC269D /* TDAHUITests */,
				F51F7B2127E0A19300EC269D /* Products */,
			);
			sourceTree = "<group>";
		};
		F51F7B2127E0A19300EC269D /* Products */ = {
			isa = PBXGroup;
			children = (
				F51F7B2027E0A19300EC269D /* TDAH.app */,
				F51F7B3027E0A19500EC269D /* TDAHTests.xctest */,
				F51F7B3A27E0A19500EC269D /* TDAHUITests.xctest */,
			);
			name = Products;
			sourceTree = "<group>";
		};
		F51F7B2227E0A19300EC269D /* TDAH */ = {
			isa = PBXGroup;
			children = (
				F51F7B4E27E0A27300EC269D /* Views */,
				F51F7B4F27E0A37B00EC269D /* DB */,
				F51F7B4D27E0A26200EC269D /* Objects */,
				F51F7B2327E0A19300EC269D /* TDAHApp.swift */,
				F51F7B2727E0A19500EC269D /* Assets.xcassets */,
				F51F7B2927E0A19500EC269D /* Preview Content */,
			);
			path = TDAH;
			sourceTree = "<group>";
		};
		F51F7B2927E0A19500EC269D /* Preview Content */ = {
			isa = PBXGroup;
			children = (
				F51F7B2A27E0A19500EC269D /* Preview Assets.xcassets */,
			);
			path = "Preview Content";
			sourceTree = "<group>";
		};
		F51F7B3327E0A19500EC269D /* TDAHTests */ = {
			isa = PBXGroup;
			children = (
				F51F7B3427E0A19500EC269D /* TDAHTests.swift */,
			);
			path = TDAHTests;
			sourceTree = "<group>";
		};
		F51F7B3D27E0A19500EC269D /* TDAHUITests */ = {
			isa = PBXGroup;
			children = (
				F51F7B3E27E0A19500EC269D /* TDAHUITests.swift */,
				F51F7B4027E0A19500EC269D /* TDAHUITestsLaunchTests.swift */,
			);
			path = TDAHUITests;
			sourceTree = "<group>";
		};
		F51F7B4D27E0A26200EC269D /* Objects */ = {
			isa = PBXGroup;
			children = (
				F51F7B5227E0BD6700EC269D /* User.swift */,
				F51F7B5427E0C23600EC269D /* Tdah.swift */,
			);
			path = Objects;
			sourceTree = "<group>";
		};
		F51F7B4E27E0A27300EC269D /* Views */ = {
			isa = PBXGroup;
			children = (
				F530CBFC28761FE2006B4009 /* MedicalService */,
				F530CBFB28761FAA006B4009 /* FacebookService */,
				F530CBF928761F33006B4009 /* LogbookService */,
				F530CBF828761E25006B4009 /* UserService */,
				F51F7B2527E0A19300EC269D /* ContentView.swift */,
			);
			path = Views;
			sourceTree = "<group>";
		};
		F51F7B4F27E0A37B00EC269D /* DB */ = {
			isa = PBXGroup;
			children = (
			);
			path = DB;
			sourceTree = "<group>";
		};
		F530CBF828761E25006B4009 /* UserService */ = {
			isa = PBXGroup;
			children = (
				F530CC002876202F006B4009 /* UpdateAccount */,
				F530CBFF28762026006B4009 /* CreateAccount */,
				F530CBFD28762002006B4009 /* Authentication */,
			);
			path = UserService;
			sourceTree = "<group>";
		};
		F530CBF928761F33006B4009 /* LogbookService */ = {
			isa = PBXGroup;
			children = (
				F530CC0228762177006B4009 /* ToolsService */,
			);
			path = LogbookService;
			sourceTree = "<group>";
		};
		F530CBFB28761FAA006B4009 /* FacebookService */ = {
			isa = PBXGroup;
			children = (
			);
			path = FacebookService;
			sourceTree = "<group>";
		};
		F530CBFC28761FE2006B4009 /* MedicalService */ = {
			isa = PBXGroup;
			children = (
			);
			path = MedicalService;
			sourceTree = "<group>";
		};
		F530CBFD28762002006B4009 /* Authentication */ = {
			isa = PBXGroup;
			children = (
			);
			path = Authentication;
			sourceTree = "<group>";
		};
		F530CBFF28762026006B4009 /* CreateAccount */ = {
			isa = PBXGroup;
			children = (
			);
			path = CreateAccount;
			sourceTree = "<group>";
		};
		F530CC002876202F006B4009 /* UpdateAccount */ = {
			isa = PBXGroup;
			children = (
			);
			path = UpdateAccount;
			sourceTree = "<group>";
		};
		F530CC0228762177006B4009 /* ToolsService */ = {
			isa = PBXGroup;
			children = (
				F530CC052876226C006B4009 /* RemoveService */,
				F530CC0428762263006B4009 /* UpdateService */,
				F530CC0328762253006B4009 /* AddingTools */,
			);
			path = ToolsService;
			sourceTree = "<group>";
		};
		F530CC0328762253006B4009 /* AddingTools */ = {
			isa = PBXGroup;
			children = (
			);
			path = AddingTools;
			sourceTree = "<group>";
		};
		F530CC0428762263006B4009 /* UpdateService */ = {
			isa = PBXGroup;
			children = (
			);
			path = UpdateService;
			sourceTree = "<group>";
		};
		F530CC052876226C006B4009 /* RemoveService */ = {
			isa = PBXGroup;
			children = (
			);
			path = RemoveService;
			sourceTree = "<group>";
		};
/* End PBXGroup section */

/* Begin PBXNativeTarget section */
		F51F7B1F27E0A19300EC269D /* TDAH */ = {
			isa = PBXNativeTarget;
			buildConfigurationList = F51F7B4427E0A19500EC269D /* Build configuration list for PBXNativeTarget "TDAH" */;
			buildPhases = (
				F51F7B1C27E0A19300EC269D /* Sources */,
				F51F7B1D27E0A19300EC269D /* Frameworks */,
				F51F7B1E27E0A19300EC269D /* Resources */,
			);
			buildRules = (
			);
			dependencies = (
			);
			name = TDAH;
			productName = TDAH;
			productReference = F51F7B2027E0A19300EC269D /* TDAH.app */;
			productType = "com.apple.product-type.application";
		};
		F51F7B2F27E0A19500EC269D /* TDAHTests */ = {
			isa = PBXNativeTarget;
			buildConfigurationList = F51F7B4727E0A19500EC269D /* Build configuration list for PBXNativeTarget "TDAHTests" */;
			buildPhases = (
				F51F7B2C27E0A19500EC269D /* Sources */,
				F51F7B2D27E0A19500EC269D /* Frameworks */,
				F51F7B2E27E0A19500EC269D /* Resources */,
			);
			buildRules = (
			);
			dependencies = (
				F51F7B3227E0A19500EC269D /* PBXTargetDependency */,
			);
			name = TDAHTests;
			productName = TDAHTests;
			productReference = F51F7B3027E0A19500EC269D /* TDAHTests.xctest */;
			productType = "com.apple.product-type.bundle.unit-test";
		};
		F51F7B3927E0A19500EC269D /* TDAHUITests */ = {
			isa = PBXNativeTarget;
			buildConfigurationList = F51F7B4A27E0A19500EC269D /* Build configuration list for PBXNativeTarget "TDAHUITests" */;
			buildPhases = (
				F51F7B3627E0A19500EC269D /* Sources */,
				F51F7B3727E0A19500EC269D /* Frameworks */,
				F51F7B3827E0A19500EC269D /* Resources */,
			);
			buildRules = (
			);
			dependencies = (
				F51F7B3C27E0A19500EC269D /* PBXTargetDependency */,
			);
			name = TDAHUITests;
			productName = TDAHUITests;
			productReference = F51F7B3A27E0A19500EC269D /* TDAHUITests.xctest */;
			productType = "com.apple.product-type.bundle.ui-testing";
		};
/* End PBXNativeTarget section */

/* Begin PBXProject section */
		F51F7B1827E0A19300EC269D /* Project object */ = {
			isa = PBXProject;
			attributes = {
				BuildIndependentTargetsInParallel = 1;
				LastSwiftUpdateCheck = 1320;
				LastUpgradeCheck = 1320;
				TargetAttributes = {
					F51F7B1F27E0A19300EC269D = {
						CreatedOnToolsVersion = 13.2.1;
					};
					F51F7B2F27E0A19500EC269D = {
						CreatedOnToolsVersion = 13.2.1;
						TestTargetID = F51F7B1F27E0A19300EC269D;
					};
					F51F7B3927E0A19500EC269D = {
						CreatedOnToolsVersion = 13.2.1;
						TestTargetID = F51F7B1F27E0A19300EC269D;
					};
				};
			};
			buildConfigurationList = F51F7B1B27E0A19300EC269D /* Build configuration list for PBXProject "TDAH" */;
			compatibilityVersion = "Xcode 13.0";
			developmentRegion = en;
			hasScannedForEncodings = 0;
			knownRegions = (
				en,
				Base,
			);
			mainGroup = F51F7B1727E0A19300EC269D;
			productRefGroup = F51F7B2127E0A19300EC269D /* Products */;
			projectDirPath = "";
			projectRoot = "";
			targets = (
				F51F7B1F27E0A19300EC269D /* TDAH */,
				F51F7B2F27E0A19500EC269D /* TDAHTests */,
				F51F7B3927E0A19500EC269D /* TDAHUITests */,
			);
		};
/* End PBXProject section */

/* Begin PBXResourcesBuildPhase section */
		F51F7B1E27E0A19300EC269D /* Resources */ = {
			isa = PBXResourcesBuildPhase;
			buildActionMask = 2147483647;
			files = (
				F51F7B2B27E0A19500EC269D /* Preview Assets.xcassets in Resources */,
				F51F7B2827E0A19500EC269D /* Assets.xcassets in Resources */,
			);
			runOnlyForDeploymentPostprocessing = 0;
		};
		F51F7B2E27E0A19500EC269D /* Resources */ = {
			isa = PBXResourcesBuildPhase;
			buildActionMask = 2147483647;
			files = (
			);
			runOnlyForDeploymentPostprocessing = 0;
		};
		F51F7B3827E0A19500EC269D /* Resources */ = {
			isa = PBXResourcesBuildPhase;
			buildActionMask = 2147483647;
			files = (
			);
			runOnlyForDeploymentPostprocessing = 0;
		};
/* End PBXResourcesBuildPhase section */

/* Begin PBXSourcesBuildPhase section */
		F51F7B1C27E0A19300EC269D /* Sources */ = {
			isa = PBXSourcesBuildPhase;
			buildActionMask = 2147483647;
			files = (
				F51F7B2627E0A19300EC269D /* ContentView.swift in Sources */,
				F51F7B2427E0A19300EC269D /* TDAHApp.swift in Sources */,
				F51F7B5527E0C23600EC269D /* Tdah.swift in Sources */,
				F51F7B5327E0BD6700EC269D /* User.swift in Sources */,
			);
			runOnlyForDeploymentPostprocessing = 0;
		};
		F51F7B2C27E0A19500EC269D /* Sources */ = {
			isa = PBXSourcesBuildPhase;
			buildActionMask = 2147483647;
			files = (
				F51F7B3527E0A19500EC269D /* TDAHTests.swift in Sources */,
			);
			runOnlyForDeploymentPostprocessing = 0;
		};
		F51F7B3627E0A19500EC269D /* Sources */ = {
			isa = PBXSourcesBuildPhase;
			buildActionMask = 2147483647;
			files = (
				F51F7B3F27E0A19500EC269D /* TDAHUITests.swift in Sources */,
				F51F7B4127E0A19500EC269D /* TDAHUITestsLaunchTests.swift in Sources */,
			);
			runOnlyForDeploymentPostprocessing = 0;
		};
/* End PBXSourcesBuildPhase section */

/* Begin PBXTargetDependency section */
		F51F7B3227E0A19500EC269D /* PBXTargetDependency */ = {
			isa = PBXTargetDependency;
			target = F51F7B1F27E0A19300EC269D /* TDAH */;
			targetProxy = F51F7B3127E0A19500EC269D /* PBXContainerItemProxy */;
		};
		F51F7B3C27E0A19500EC269D /* PBXTargetDependency */ = {
			isa = PBXTargetDependency;
			target = F51F7B1F27E0A19300EC269D /* TDAH */;
			targetProxy = F51F7B3B27E0A19500EC269D /* PBXContainerItemProxy */;
		};
/* End PBXTargetDependency section */

/* Begin XCBuildConfiguration section */
		F51F7B4227E0A19500EC269D /* Debug */ = {
			isa = XCBuildConfiguration;
			buildSettings = {
				ALWAYS_SEARCH_USER_PATHS = NO;
				CLANG_ANALYZER_NONNULL = YES;
				CLANG_ANALYZER_NUMBER_OBJECT_CONVERSION = YES_AGGRESSIVE;
				CLANG_CXX_LANGUAGE_STANDARD = "gnu++17";
				CLANG_CXX_LIBRARY = "libc++";
				CLANG_ENABLE_MODULES = YES;
				CLANG_ENABLE_OBJC_ARC = YES;
				CLANG_ENABLE_OBJC_WEAK = YES;
				CLANG_WARN_BLOCK_CAPTURE_AUTORELEASING = YES;
				CLANG_WARN_BOOL_CONVERSION = YES;
				CLANG_WARN_COMMA = YES;
				CLANG_WARN_CONSTANT_CONVERSION = YES;
				CLANG_WARN_DEPRECATED_OBJC_IMPLEMENTATIONS = YES;
				CLANG_WARN_DIRECT_OBJC_ISA_USAGE = YES_ERROR;
				CLANG_WARN_DOCUMENTATION_COMMENTS = YES;
				CLANG_WARN_EMPTY_BODY = YES;
				CLANG_WARN_ENUM_CONVERSION = YES;
				CLANG_WARN_INFINITE_RECURSION = YES;
				CLANG_WARN_INT_CONVERSION = YES;
				CLANG_WARN_NON_LITERAL_NULL_CONVERSION = YES;
				CLANG_WARN_OBJC_IMPLICIT_RETAIN_SELF = YES;
				CLANG_WARN_OBJC_LITERAL_CONVERSION = YES;
				CLANG_WARN_OBJC_ROOT_CLASS = YES_ERROR;
				CLANG_WARN_QUOTED_INCLUDE_IN_FRAMEWORK_HEADER = YES;
				CLANG_WARN_RANGE_LOOP_ANALYSIS = YES;
				CLANG_WARN_STRICT_PROTOTYPES = YES;
				CLANG_WARN_SUSPICIOUS_MOVE = YES;
				CLANG_WARN_UNGUARDED_AVAILABILITY = YES_AGGRESSIVE;
				CLANG_WARN_UNREACHABLE_CODE = YES;
				CLANG_WARN__DUPLICATE_METHOD_MATCH = YES;
				COPY_PHASE_STRIP = NO;
				DEBUG_INFORMATION_FORMAT = dwarf;
				ENABLE_STRICT_OBJC_MSGSEND = YES;
				ENABLE_TESTABILITY = YES;
				GCC_C_LANGUAGE_STANDARD = gnu11;
				GCC_DYNAMIC_NO_PIC = NO;
				GCC_NO_COMMON_BLOCKS = YES;
				GCC_OPTIMIZATION_LEVEL = 0;
				GCC_PREPROCESSOR_DEFINITIONS = (
					"DEBUG=1",
					"$(inherited)",
				);
				GCC_WARN_64_TO_32_BIT_CONVERSION = YES;
				GCC_WARN_ABOUT_RETURN_TYPE = YES_ERROR;
				GCC_WARN_UNDECLARED_SELECTOR = YES;
				GCC_WARN_UNINITIALIZED_AUTOS = YES_AGGRESSIVE;
				GCC_WARN_UNUSED_FUNCTION = YES;
				GCC_WARN_UNUSED_VARIABLE = YES;
				IPHONEOS_DEPLOYMENT_TARGET = 15.2;
				MTL_ENABLE_DEBUG_INFO = INCLUDE_SOURCE;
				MTL_FAST_MATH = YES;
				ONLY_ACTIVE_ARCH = YES;
				SDKROOT = iphoneos;
				SWIFT_ACTIVE_COMPILATION_CONDITIONS = DEBUG;
				SWIFT_OPTIMIZATION_LEVEL = "-Onone";
			};
			name = Debug;
		};
		F51F7B4327E0A19500EC269D /* Release */ = {
			isa = XCBuildConfiguration;
			buildSettings = {
				ALWAYS_SEARCH_USER_PATHS = NO;
				CLANG_ANALYZER_NONNULL = YES;
				CLANG_ANALYZER_NUMBER_OBJECT_CONVERSION = YES_AGGRESSIVE;
				CLANG_CXX_LANGUAGE_STANDARD = "gnu++17";
				CLANG_CXX_LIBRARY = "libc++";
				CLANG_ENABLE_MODULES = YES;
				CLANG_ENABLE_OBJC_ARC = YES;
				CLANG_ENABLE_OBJC_WEAK = YES;
				CLANG_WARN_BLOCK_CAPTURE_AUTORELEASING = YES;
				CLANG_WARN_BOOL_CONVERSION = YES;
				CLANG_WARN_COMMA = YES;
				CLANG_WARN_CONSTANT_CONVERSION = YES;
				CLANG_WARN_DEPRECATED_OBJC_IMPLEMENTATIONS = YES;
				CLANG_WARN_DIRECT_OBJC_ISA_USAGE = YES_ERROR;
				CLANG_WARN_DOCUMENTATION_COMMENTS = YES;
				CLANG_WARN_EMPTY_BODY = YES;
				CLANG_WARN_ENUM_CONVERSION = YES;
				CLANG_WARN_INFINITE_RECURSION = YES;
				CLANG_WARN_INT_CONVERSION = YES;
				CLANG_WARN_NON_LITERAL_NULL_CONVERSION = YES;
				CLANG_WARN_OBJC_IMPLICIT_RETAIN_SELF = YES;
				CLANG_WARN_OBJC_LITERAL_CONVERSION = YES;
				CLANG_WARN_OBJC_ROOT_CLASS = YES_ERROR;
				CLANG_WARN_QUOTED_INCLUDE_IN_FRAMEWORK_HEADER = YES;
				CLANG_WARN_RANGE_LOOP_ANALYSIS = YES;
				CLANG_WARN_STRICT_PROTOTYPES = YES;
				CLANG_WARN_SUSPICIOUS_MOVE = YES;
				CLANG_WARN_UNGUARDED_AVAILABILITY = YES_AGGRESSIVE;
				CLANG_WARN_UNREACHABLE_CODE = YES;
				CLANG_WARN__DUPLICATE_METHOD_MATCH = YES;
				COPY_PHASE_STRIP = NO;
				DEBUG_INFORMATION_FORMAT = "dwarf-with-dsym";
				ENABLE_NS_ASSERTIONS = NO;
				ENABLE_STRICT_OBJC_MSGSEND = YES;
				GCC_C_LANGUAGE_STANDARD = gnu11;
				GCC_NO_COMMON_BLOCKS = YES;
				GCC_WARN_64_TO_32_BIT_CONVERSION = YES;
				GCC_WARN_ABOUT_RETURN_TYPE = YES_ERROR;
				GCC_WARN_UNDECLARED_SELECTOR = YES;
				GCC_WARN_UNINITIALIZED_AUTOS = YES_AGGRESSIVE;
				GCC_WARN_UNUSED_FUNCTION = YES;
				GCC_WARN_UNUSED_VARIABLE = YES;
				IPHONEOS_DEPLOYMENT_TARGET = 15.2;
				MTL_ENABLE_DEBUG_INFO = NO;
				MTL_FAST_MATH = YES;
				SDKROOT = iphoneos;
				SWIFT_COMPILATION_MODE = wholemodule;
				SWIFT_OPTIMIZATION_LEVEL = "-O";
				VALIDATE_PRODUCT = YES;
			};
			name = Release;
		};
		F51F7B4527E0A19500EC269D /* Debug */ = {
			isa = XCBuildConfiguration;
			buildSettings = {
				ASSETCATALOG_COMPILER_APPICON_NAME = AppIcon;
				ASSETCATALOG_COMPILER_GLOBAL_ACCENT_COLOR_NAME = AccentColor;
				CODE_SIGN_STYLE = Automatic;
				CURRENT_PROJECT_VERSION = 1;
				DEVELOPMENT_ASSET_PATHS = "\"TDAH/Preview Content\"";
				DEVELOPMENT_TEAM = 376UC4LF55;
				ENABLE_PREVIEWS = YES;
				GENERATE_INFOPLIST_FILE = YES;
				INFOPLIST_KEY_UIApplicationSceneManifest_Generation = YES;
				INFOPLIST_KEY_UIApplicationSupportsIndirectInputEvents = YES;
				INFOPLIST_KEY_UILaunchScreen_Generation = YES;
				INFOPLIST_KEY_UISupportedInterfaceOrientations_iPad = "UIInterfaceOrientationPortrait UIInterfaceOrientationPortraitUpsideDown UIInterfaceOrientationLandscapeLeft UIInterfaceOrientationLandscapeRight";
				INFOPLIST_KEY_UISupportedInterfaceOrientations_iPhone = "UIInterfaceOrientationPortrait UIInterfaceOrientationLandscapeLeft UIInterfaceOrientationLandscapeRight";
				LD_RUNPATH_SEARCH_PATHS = (
					"$(inherited)",
					"@executable_path/Frameworks",
				);
				MARKETING_VERSION = 1.0;
				PRODUCT_BUNDLE_IDENTIFIER = com.robinScelso.TDAH;
				PRODUCT_NAME = "$(TARGET_NAME)";
				SWIFT_EMIT_LOC_STRINGS = YES;
				SWIFT_VERSION = 5.0;
				TARGETED_DEVICE_FAMILY = "1,2";
			};
			name = Debug;
		};
		F51F7B4627E0A19500EC269D /* Release */ = {
			isa = XCBuildConfiguration;
			buildSettings = {
				ASSETCATALOG_COMPILER_APPICON_NAME = AppIcon;
				ASSETCATALOG_COMPILER_GLOBAL_ACCENT_COLOR_NAME = AccentColor;
				CODE_SIGN_STYLE = Automatic;
				CURRENT_PROJECT_VERSION = 1;
				DEVELOPMENT_ASSET_PATHS = "\"TDAH/Preview Content\"";
				DEVELOPMENT_TEAM = 376UC4LF55;
				ENABLE_PREVIEWS = YES;
				GENERATE_INFOPLIST_FILE = YES;
				INFOPLIST_KEY_UIApplicationSceneManifest_Generation = YES;
				INFOPLIST_KEY_UIApplicationSupportsIndirectInputEvents = YES;
				INFOPLIST_KEY_UILaunchScreen_Generation = YES;
				INFOPLIST_KEY_UISupportedInterfaceOrientations_iPad = "UIInterfaceOrientationPortrait UIInterfaceOrientationPortraitUpsideDown UIInterfaceOrientationLandscapeLeft UIInterfaceOrientationLandscapeRight";
				INFOPLIST_KEY_UISupportedInterfaceOrientations_iPhone = "UIInterfaceOrientationPortrait UIInterfaceOrientationLandscapeLeft UIInterfaceOrientationLandscapeRight";
				LD_RUNPATH_SEARCH_PATHS = (
					"$(inherited)",
					"@executable_path/Frameworks",
				);
				MARKETING_VERSION = 1.0;
				PRODUCT_BUNDLE_IDENTIFIER = com.robinScelso.TDAH;
				PRODUCT_NAME = "$(TARGET_NAME)";
				SWIFT_EMIT_LOC_STRINGS = YES;
				SWIFT_VERSION = 5.0;
				TARGETED_DEVICE_FAMILY = "1,2";
			};
			name = Release;
		};
		F51F7B4827E0A19500EC269D /* Debug */ = {
			isa = XCBuildConfiguration;
			buildSettings = {
				ALWAYS_EMBED_SWIFT_STANDARD_LIBRARIES = YES;
				BUNDLE_LOADER = "$(TEST_HOST)";
				CODE_SIGN_STYLE = Automatic;
				CURRENT_PROJECT_VERSION = 1;
				DEVELOPMENT_TEAM = 376UC4LF55;
				GENERATE_INFOPLIST_FILE = YES;
				IPHONEOS_DEPLOYMENT_TARGET = 15.2;
				MARKETING_VERSION = 1.0;
				PRODUCT_BUNDLE_IDENTIFIER = com.robinScelso.TDAHTests;
				PRODUCT_NAME = "$(TARGET_NAME)";
				SWIFT_EMIT_LOC_STRINGS = NO;
				SWIFT_VERSION = 5.0;
				TARGETED_DEVICE_FAMILY = "1,2";
				TEST_HOST = "$(BUILT_PRODUCTS_DIR)/TDAH.app/TDAH";
			};
			name = Debug;
		};
		F51F7B4927E0A19500EC269D /* Release */ = {
			isa = XCBuildConfiguration;
			buildSettings = {
				ALWAYS_EMBED_SWIFT_STANDARD_LIBRARIES = YES;
				BUNDLE_LOADER = "$(TEST_HOST)";
				CODE_SIGN_STYLE = Automatic;
				CURRENT_PROJECT_VERSION = 1;
				DEVELOPMENT_TEAM = 376UC4LF55;
				GENERATE_INFOPLIST_FILE = YES;
				IPHONEOS_DEPLOYMENT_TARGET = 15.2;
				MARKETING_VERSION = 1.0;
				PRODUCT_BUNDLE_IDENTIFIER = com.robinScelso.TDAHTests;
				PRODUCT_NAME = "$(TARGET_NAME)";
				SWIFT_EMIT_LOC_STRINGS = NO;
				SWIFT_VERSION = 5.0;
				TARGETED_DEVICE_FAMILY = "1,2";
				TEST_HOST = "$(BUILT_PRODUCTS_DIR)/TDAH.app/TDAH";
			};
			name = Release;
		};
		F51F7B4B27E0A19500EC269D /* Debug */ = {
			isa = XCBuildConfiguration;
			buildSettings = {
				ALWAYS_EMBED_SWIFT_STANDARD_LIBRARIES = YES;
				CODE_SIGN_STYLE = Automatic;
				CURRENT_PROJECT_VERSION = 1;
				DEVELOPMENT_TEAM = 376UC4LF55;
				GENERATE_INFOPLIST_FILE = YES;
				MARKETING_VERSION = 1.0;
				PRODUCT_BUNDLE_IDENTIFIER = com.robinScelso.TDAHUITests;
				PRODUCT_NAME = "$(TARGET_NAME)";
				SWIFT_EMIT_LOC_STRINGS = NO;
				SWIFT_VERSION = 5.0;
				TARGETED_DEVICE_FAMILY = "1,2";
				TEST_TARGET_NAME = TDAH;
			};
			name = Debug;
		};
		F51F7B4C27E0A19500EC269D /* Release */ = {
			isa = XCBuildConfiguration;
			buildSettings = {
				ALWAYS_EMBED_SWIFT_STANDARD_LIBRARIES = YES;
				CODE_SIGN_STYLE = Automatic;
				CURRENT_PROJECT_VERSION = 1;
				DEVELOPMENT_TEAM = 376UC4LF55;
				GENERATE_INFOPLIST_FILE = YES;
				MARKETING_VERSION = 1.0;
				PRODUCT_BUNDLE_IDENTIFIER = com.robinScelso.TDAHUITests;
				PRODUCT_NAME = "$(TARGET_NAME)";
				SWIFT_EMIT_LOC_STRINGS = NO;
				SWIFT_VERSION = 5.0;
				TARGETED_DEVICE_FAMILY = "1,2";
				TEST_TARGET_NAME = TDAH;
			};
			name = Release;
		};
/* End XCBuildConfiguration section */

/* Begin XCConfigurationList section */
		F51F7B1B27E0A19300EC269D /* Build configuration list for PBXProject "TDAH" */ = {
			isa = XCConfigurationList;
			buildConfigurations = (
				F51F7B4227E0A19500EC269D /* Debug */,
				F51F7B4327E0A19500EC269D /* Release */,
			);
			defaultConfigurationIsVisible = 0;
			defaultConfigurationName = Release;
		};
		F51F7B4427E0A19500EC269D /* Build configuration list for PBXNativeTarget "TDAH" */ = {
			isa = XCConfigurationList;
			buildConfigurations = (
				F51F7B4527E0A19500EC269D /* Debug */,
				F51F7B4627E0A19500EC269D /* Release */,
			);
			defaultConfigurationIsVisible = 0;
			defaultConfigurationName = Release;
		};
		F51F7B4727E0A19500EC269D /* Build configuration list for PBXNativeTarget "TDAHTests" */ = {
			isa = XCConfigurationList;
			buildConfigurations = (
				F51F7B4827E0A19500EC269D /* Debug */,
				F51F7B4927E0A19500EC269D /* Release */,
			);
			defaultConfigurationIsVisible = 0;
			defaultConfigurationName = Release;
		};
		F51F7B4A27E0A19500EC269D /* Build configuration list for PBXNativeTarget "TDAHUITests" */ = {
			isa = XCConfigurationList;
			buildConfigurations = (
				F51F7B4B27E0A19500EC269D /* Debug */,
				F51F7B4C27E0A19500EC269D /* Release */,
			);
			defaultConfigurationIsVisible = 0;
			defaultConfigurationName = Release;
		};
/* End XCConfigurationList section */
	};
	rootObject = F51F7B1827E0A19300EC269D /* Project object */;
}
